
Microsoft Visual Studio Solution File, Format Version 12.00
# Visual Studio Version 16
VisualStudioVersion = 16.0.31205.134
MinimumVisualStudioVersion = 10.0.40219.1
Project("{FAE04EC0-301F-11D3-BF4B-00C04F79EFBC}") = "API_EFCore_AzureFunctions", "API_EFCore_AzureFunctions\API_EFCore_AzureFunctions.csproj", "{BB91811C-36C9-4A42-AE38-0817604CBE87}"
EndProject
Global
	GlobalSection(SolutionConfigurationPlatforms) = preSolution
		Debug|Any CPU = Debug|Any CPU
		Release|Any CPU = Release|Any CPU
	EndGlobalSection
	GlobalSection(ProjectConfigurationPlatforms) = postSolution
		{BB91811C-36C9-4A42-AE38-0817604CBE87}.Debug|Any CPU.ActiveCfg = Debug|Any CPU
		{BB91811C-36C9-4A42-AE38-0817604CBE87}.Debug|Any CPU.Build.0 = Debug|Any CPU
		{BB91811C-36C9-4A42-AE38-0817604CBE87}.Release|Any CPU.ActiveCfg = Release|Any CPU
		{BB91811C-36C9-4A42-AE38-0817604CBE87}.Release|Any CPU.Build.0 = Release|Any CPU
	EndGlobalSection
	GlobalSection(SolutionProperties) = preSolution
		HideSolutionNode = FALSE
	EndGlobalSection
	GlobalSection(ExtensibilityGlobals) = postSolution
		SolutionGuid = {243DC26B-6335-4AE5-8827-F0D7E00640BA}
	EndGlobalSection
EndGlobal
